// !$*UTF8*$!
{
	archiveVersion = 1;
	classes = {
	};
	objectVersion = 52;
	objects = {

/* Begin PBXBuildFile section */
		3E785EB7B1B3D31B534B33C4 /* Pods_TinderClone.framework in Frameworks */ = {isa = PBXBuildFile; fileRef = 55B11D3D6A95786CE12B1D47 /* Pods_TinderClone.framework */; };
		FA9487A925E00F220036D71D /* SwipeDetailView.swift in Sources */ = {isa = PBXBuildFile; fileRef = FA9487A825E00F220036D71D /* SwipeDetailView.swift */; };
		FA9487AC25E00FB60036D71D /* SwipeView.swift in Sources */ = {isa = PBXBuildFile; fileRef = FA9487AB25E00FB60036D71D /* SwipeView.swift */; };
		FA9487BF25E010260036D71D /* observer.swift in Sources */ = {isa = PBXBuildFile; fileRef = FA9487BE25E010260036D71D /* observer.swift */; };
		FA9487C425E010BA0036D71D /* Loader.swift in Sources */ = {isa = PBXBuildFile; fileRef = FA9487C325E010BA0036D71D /* Loader.swift */; };
		FA9487C725E011110036D71D /* DataType.swift in Sources */ = {isa = PBXBuildFile; fileRef = FA9487C625E011110036D71D /* DataType.swift */; };
		FAF6E4F225DD82960018D4C9 /* TinderCloneApp.swift in Sources */ = {isa = PBXBuildFile; fileRef = FAF6E4F125DD82960018D4C9 /* TinderCloneApp.swift */; };
		FAF6E4F425DD82960018D4C9 /* ContentView.swift in Sources */ = {isa = PBXBuildFile; fileRef = FAF6E4F325DD82960018D4C9 /* ContentView.swift */; };
		FAF6E4F625DD82980018D4C9 /* Assets.xcassets in Resources */ = {isa = PBXBuildFile; fileRef = FAF6E4F525DD82980018D4C9 /* Assets.xcassets */; };
		FAF6E4F925DD82980018D4C9 /* Preview Assets.xcassets in Resources */ = {isa = PBXBuildFile; fileRef = FAF6E4F825DD82980018D4C9 /* Preview Assets.xcassets */; };
		FAF6E50225DD89520018D4C9 /* GoogleService-Info.plist in Resources */ = {isa = PBXBuildFile; fileRef = FAF6E50125DD89520018D4C9 /* GoogleService-Info.plist */; };
		FAF6E51225DD8E6A0018D4C9 /* TopView.swift in Sources */ = {isa = PBXBuildFile; fileRef = FAF6E51125DD8E6A0018D4C9 /* TopView.swift */; };
		FAF6E52025DD8E850018D4C9 /* BottomView.swift in Sources */ = {isa = PBXBuildFile; fileRef = FAF6E51F25DD8E850018D4C9 /* BottomView.swift */; };
		FAF6E52425DD90AC0018D4C9 /* SDWebImageSwiftUI in Frameworks */ = {isa = PBXBuildFile; productRef = FAF6E52325DD90AC0018D4C9 /* SDWebImageSwiftUI */; };
/* End PBXBuildFile section */

/* Begin PBXFileReference section */
		55B11D3D6A95786CE12B1D47 /* Pods_TinderClone.framework */ = {isa = PBXFileReference; explicitFileType = wrapper.framework; includeInIndex = 0; path = Pods_TinderClone.framework; sourceTree = BUILT_PRODUCTS_DIR; };
		A7E6245DCE4024CBAF225F0F /* Pods-TinderClone.release.xcconfig */ = {isa = PBXFileReference; includeInIndex = 1; lastKnownFileType = text.xcconfig; name = "Pods-TinderClone.release.xcconfig"; path = "Target Support Files/Pods-TinderClone/Pods-TinderClone.release.xcconfig"; sourceTree = "<group>"; };
		AD27EF6895F23323E11F3DB7 /* Pods-TinderClone.debug.xcconfig */ = {isa = PBXFileReference; includeInIndex = 1; lastKnownFileType = text.xcconfig; name = "Pods-TinderClone.debug.xcconfig"; path = "Target Support Files/Pods-TinderClone/Pods-TinderClone.debug.xcconfig"; sourceTree = "<group>"; };
		FA9487A825E00F220036D71D /* SwipeDetailView.swift */ = {isa = PBXFileReference; lastKnownFileType = sourcecode.swift; path = SwipeDetailView.swift; sourceTree = "<group>"; };
		FA9487AB25E00FB60036D71D /* SwipeView.swift */ = {isa = PBXFileReference; lastKnownFileType = sourcecode.swift; path = SwipeView.swift; sourceTree = "<group>"; };
		FA9487BE25E010260036D71D /* observer.swift */ = {isa = PBXFileReference; lastKnownFileType = sourcecode.swift; path = observer.swift; sourceTree = "<group>"; };
		FA9487C325E010BA0036D71D /* Loader.swift */ = {isa = PBXFileReference; lastKnownFileType = sourcecode.swift; path = Loader.swift; sourceTree = "<group>"; };
		FA9487C625E011110036D71D /* DataType.swift */ = {isa = PBXFileReference; lastKnownFileType = sourcecode.swift; path = DataType.swift; sourceTree = "<group>"; };
		FAF6E4EE25DD82960018D4C9 /* TinderClone.app */ = {isa = PBXFileReference; explicitFileType = wrapper.application; includeInIndex = 0; path = TinderClone.app; sourceTree = BUILT_PRODUCTS_DIR; };
		FAF6E4F125DD82960018D4C9 /* TinderCloneApp.swift */ = {isa = PBXFileReference; lastKnownFileType = sourcecode.swift; path = TinderCloneApp.swift; sourceTree = "<group>"; };
		FAF6E4F325DD82960018D4C9 /* ContentView.swift */ = {isa = PBXFileReference; lastKnownFileType = sourcecode.swift; path = ContentView.swift; sourceTree = "<group>"; };
		FAF6E4F525DD82980018D4C9 /* Assets.xcassets */ = {isa = PBXFileReference; lastKnownFileType = folder.assetcatalog; path = Assets.xcassets; sourceTree = "<group>"; };
		FAF6E4F825DD82980018D4C9 /* Preview Assets.xcassets */ = {isa = PBXFileReference; lastKnownFileType = folder.assetcatalog; path = "Preview Assets.xcassets"; sourceTree = "<group>"; };
		FAF6E4FA25DD82980018D4C9 /* Info.plist */ = {isa = PBXFileReference; lastKnownFileType = text.plist.xml; path = Info.plist; sourceTree = "<group>"; };
		FAF6E50125DD89520018D4C9 /* GoogleService-Info.plist */ = {isa = PBXFileReference; fileEncoding = 4; lastKnownFileType = text.plist.xml; path = "GoogleService-Info.plist"; sourceTree = "<group>"; };
		FAF6E51125DD8E6A0018D4C9 /* TopView.swift */ = {isa = PBXFileReference; lastKnownFileType = sourcecode.swift; path = TopView.swift; sourceTree = "<group>"; };
		FAF6E51F25DD8E850018D4C9 /* BottomView.swift */ = {isa = PBXFileReference; lastKnownFileType = sourcecode.swift; path = BottomView.swift; sourceTree = "<group>"; };
/* End PBXFileReference section */

/* Begin PBXFrameworksBuildPhase section */
		FAF6E4EB25DD82960018D4C9 /* Frameworks */ = {
			isa = PBXFrameworksBuildPhase;
			buildActionMask = 2147483647;
			files = (
				FAF6E52425DD90AC0018D4C9 /* SDWebImageSwiftUI in Frameworks */,
				3E785EB7B1B3D31B534B33C4 /* Pods_TinderClone.framework in Frameworks */,
			);
			runOnlyForDeploymentPostprocessing = 0;
		};
/* End PBXFrameworksBuildPhase section */

/* Begin PBXGroup section */
		0CDDBDD723E182123B3BB0BA /* Frameworks */ = {
			isa = PBXGroup;
			children = (
				55B11D3D6A95786CE12B1D47 /* Pods_TinderClone.framework */,
			);
			name = Frameworks;
			sourceTree = "<group>";
		};
		5562BCA80090DF2764C88EEE /* Pods */ = {
			isa = PBXGroup;
			children = (
				AD27EF6895F23323E11F3DB7 /* Pods-TinderClone.debug.xcconfig */,
				A7E6245DCE4024CBAF225F0F /* Pods-TinderClone.release.xcconfig */,
			);
			path = Pods;
			sourceTree = "<group>";
		};
		FA9487A725E00EF40036D71D /* View */ = {
			isa = PBXGroup;
			children = (
				FAF6E4F325DD82960018D4C9 /* ContentView.swift */,
				FA9487AB25E00FB60036D71D /* SwipeView.swift */,
				FAF6E51125DD8E6A0018D4C9 /* TopView.swift */,
				FAF6E51F25DD8E850018D4C9 /* BottomView.swift */,
				FAF6E4F125DD82960018D4C9 /* TinderCloneApp.swift */,
				FA9487A825E00F220036D71D /* SwipeDetailView.swift */,
			);
			path = View;
			sourceTree = "<group>";
		};
		FA9487BD25E010060036D71D /* FirebaseStore */ = {
			isa = PBXGroup;
			children = (
				FA9487BE25E010260036D71D /* observer.swift */,
			);
			path = FirebaseStore;
			sourceTree = "<group>";
		};
		FA9487C225E0108B0036D71D /* Extension */ = {
			isa = PBXGroup;
			children = (
				FA9487C325E010BA0036D71D /* Loader.swift */,
				FA9487C625E011110036D71D /* DataType.swift */,
			);
			path = Extension;
			sourceTree = "<group>";
		};
		FAF6E4E525DD82960018D4C9 = {
			isa = PBXGroup;
			children = (
				FAF6E4F025DD82960018D4C9 /* TinderClone */,
				FAF6E4EF25DD82960018D4C9 /* Products */,
				5562BCA80090DF2764C88EEE /* Pods */,
				0CDDBDD723E182123B3BB0BA /* Frameworks */,
			);
			sourceTree = "<group>";
		};
		FAF6E4EF25DD82960018D4C9 /* Products */ = {
			isa = PBXGroup;
			children = (
				FAF6E4EE25DD82960018D4C9 /* TinderClone.app */,
			);
			name = Products;
			sourceTree = "<group>";
		};
		FAF6E4F025DD82960018D4C9 /* TinderClone */ = {
			isa = PBXGroup;
			children = (
				FA9487C225E0108B0036D71D /* Extension */,
				FA9487BD25E010060036D71D /* FirebaseStore */,
				FA9487A725E00EF40036D71D /* View */,
				FAF6E4F525DD82980018D4C9 /* Assets.xcassets */,
				FAF6E4FA25DD82980018D4C9 /* Info.plist */,
				FAF6E50125DD89520018D4C9 /* GoogleService-Info.plist */,
				FAF6E4F725DD82980018D4C9 /* Preview Content */,
			);
			path = TinderClone;
			sourceTree = "<group>";
		};
		FAF6E4F725DD82980018D4C9 /* Preview Content */ = {
			isa = PBXGroup;
			children = (
				FAF6E4F825DD82980018D4C9 /* Preview Assets.xcassets */,
			);
			path = "Preview Content";
			sourceTree = "<group>";
		};
/* End PBXGroup section */

/* Begin PBXNativeTarget section */
		FAF6E4ED25DD82960018D4C9 /* TinderClone */ = {
			isa = PBXNativeTarget;
			buildConfigurationList = FAF6E4FD25DD82980018D4C9 /* Build configuration list for PBXNativeTarget "TinderClone" */;
			buildPhases = (
				4960B3ED75D92EFDEDD9A50E /* [CP] Check Pods Manifest.lock */,
				FAF6E4EA25DD82960018D4C9 /* Sources */,
				FAF6E4EB25DD82960018D4C9 /* Frameworks */,
				FAF6E4EC25DD82960018D4C9 /* Resources */,
				ECD82DCDE57F188FADB8FD50 /* [CP] Embed Pods Frameworks */,
			);
			buildRules = (
			);
			dependencies = (
			);
			name = TinderClone;
			packageProductDependencies = (
				FAF6E52325DD90AC0018D4C9 /* SDWebImageSwiftUI */,
			);
			productName = TinderClone;
			productReference = FAF6E4EE25DD82960018D4C9 /* TinderClone.app */;
			productType = "com.apple.product-type.application";
		};
/* End PBXNativeTarget section */

/* Begin PBXProject section */
		FAF6E4E625DD82960018D4C9 /* Project object */ = {
			isa = PBXProject;
			attributes = {
				LastSwiftUpdateCheck = 1240;
				LastUpgradeCheck = 1240;
				TargetAttributes = {
					FAF6E4ED25DD82960018D4C9 = {
						CreatedOnToolsVersion = 12.4;
					};
				};
			};
			buildConfigurationList = FAF6E4E925DD82960018D4C9 /* Build configuration list for PBXProject "TinderClone" */;
			compatibilityVersion = "Xcode 9.3";
			developmentRegion = en;
			hasScannedForEncodings = 0;
			knownRegions = (
				en,
				Base,
			);
			mainGroup = FAF6E4E525DD82960018D4C9;
			packageReferences = (
				FAF6E52225DD90AC0018D4C9 /* XCRemoteSwiftPackageReference "SDWebImageSwiftUI" */,
			);
			productRefGroup = FAF6E4EF25DD82960018D4C9 /* Products */;
			projectDirPath = "";
			projectRoot = "";
			targets = (
				FAF6E4ED25DD82960018D4C9 /* TinderClone */,
			);
		};
/* End PBXProject section */

/* Begin PBXResourcesBuildPhase section */
		FAF6E4EC25DD82960018D4C9 /* Resources */ = {
			isa = PBXResourcesBuildPhase;
			buildActionMask = 2147483647;
			files = (
				FAF6E4F925DD82980018D4C9 /* Preview Assets.xcassets in Resources */,
				FAF6E4F625DD82980018D4C9 /* Assets.xcassets in Resources */,
				FAF6E50225DD89520018D4C9 /* GoogleService-Info.plist in Resources */,
			);
			runOnlyForDeploymentPostprocessing = 0;
		};
/* End PBXResourcesBuildPhase section */

/* Begin PBXShellScriptBuildPhase section */
		4960B3ED75D92EFDEDD9A50E /* [CP] Check Pods Manifest.lock */ = {
			isa = PBXShellScriptBuildPhase;
			buildActionMask = 2147483647;
			files = (
			);
			inputFileListPaths = (
			);
			inputPaths = (
				"${PODS_PODFILE_DIR_PATH}/Podfile.lock",
				"${PODS_ROOT}/Manifest.lock",
			);
			name = "[CP] Check Pods Manifest.lock";
			outputFileListPaths = (
			);
			outputPaths = (
				"$(DERIVED_FILE_DIR)/Pods-TinderClone-checkManifestLockResult.txt",
			);
			runOnlyForDeploymentPostprocessing = 0;
			shellPath = /bin/sh;
			shellScript = "diff \"${PODS_PODFILE_DIR_PATH}/Podfile.lock\" \"${PODS_ROOT}/Manifest.lock\" > /dev/null\nif [ $? != 0 ] ; then\n    # print error to STDERR\n    echo \"error: The sandbox is not in sync with the Podfile.lock. Run 'pod install' or update your CocoaPods installation.\" >&2\n    exit 1\nfi\n# This output is used by Xcode 'outputs' to avoid re-running this script phase.\necho \"SUCCESS\" > \"${SCRIPT_OUTPUT_FILE_0}\"\n";
			showEnvVarsInLog = 0;
		};
		ECD82DCDE57F188FADB8FD50 /* [CP] Embed Pods Frameworks */ = {
			isa = PBXShellScriptBuildPhase;
			buildActionMask = 2147483647;
			files = (
			);
			inputFileListPaths = (
				"${PODS_ROOT}/Target Support Files/Pods-TinderClone/Pods-TinderClone-frameworks-${CONFIGURATION}-input-files.xcfilelist",
			);
			name = "[CP] Embed Pods Frameworks";
			outputFileListPaths = (
				"${PODS_ROOT}/Target Support Files/Pods-TinderClone/Pods-TinderClone-frameworks-${CONFIGURATION}-output-files.xcfilelist",
			);
			runOnlyForDeploymentPostprocessing = 0;
			shellPath = /bin/sh;
			shellScript = "\"${PODS_ROOT}/Target Support Files/Pods-TinderClone/Pods-TinderClone-frameworks.sh\"\n";
			showEnvVarsInLog = 0;
		};
/* End PBXShellScriptBuildPhase section */

/* Begin PBXSourcesBuildPhase section */
		FAF6E4EA25DD82960018D4C9 /* Sources */ = {
			isa = PBXSourcesBuildPhase;
			buildActionMask = 2147483647;
			files = (
				FAF6E4F425DD82960018D4C9 /* ContentView.swift in Sources */,
				FAF6E51225DD8E6A0018D4C9 /* TopView.swift in Sources */,
				FA9487A925E00F220036D71D /* SwipeDetailView.swift in Sources */,
				FA9487AC25E00FB60036D71D /* SwipeView.swift in Sources */,
				FAF6E4F225DD82960018D4C9 /* TinderCloneApp.swift in Sources */,
				FAF6E52025DD8E850018D4C9 /* BottomView.swift in Sources */,
				FA9487C425E010BA0036D71D /* Loader.swift in Sources */,
				FA9487C725E011110036D71D /* DataType.swift in Sources */,
				FA9487BF25E010260036D71D /* observer.swift in Sources */,
			);
			runOnlyForDeploymentPostprocessing = 0;
		};
/* End PBXSourcesBuildPhase section */

/* Begin XCBuildConfiguration section */
		FAF6E4FB25DD82980018D4C9 /* Debug */ = {
			isa = XCBuildConfiguration;
			buildSettings = {
				ALWAYS_SEARCH_USER_PATHS = NO;
				CLANG_ANALYZER_NONNULL = YES;
				CLANG_ANALYZER_NUMBER_OBJECT_CONVERSION = YES_AGGRESSIVE;
				CLANG_CXX_LANGUAGE_STANDARD = "gnu++14";
				CLANG_CXX_LIBRARY = "libc++";
				CLANG_ENABLE_MODULES = YES;
				CLANG_ENABLE_OBJC_ARC = YES;
				CLANG_ENABLE_OBJC_WEAK = YES;
				CLANG_WARN_BLOCK_CAPTURE_AUTORELEASING = YES;
				CLANG_WARN_BOOL_CONVERSION = YES;
				CLANG_WARN_COMMA = YES;
				CLANG_WARN_CONSTANT_CONVERSION = YES;
				CLANG_WARN_DEPRECATED_OBJC_IMPLEMENTATIONS = YES;
				CLANG_WARN_DIRECT_OBJC_ISA_USAGE = YES_ERROR;
				CLANG_WARN_DOCUMENTATION_COMMENTS = YES;
				CLANG_WARN_EMPTY_BODY = YES;
				CLANG_WARN_ENUM_CONVERSION = YES;
				CLANG_WARN_INFINITE_RECURSION = YES;
				CLANG_WARN_INT_CONVERSION = YES;
				CLANG_WARN_NON_LITERAL_NULL_CONVERSION = YES;
				CLANG_WARN_OBJC_IMPLICIT_RETAIN_SELF = YES;
				CLANG_WARN_OBJC_LITERAL_CONVERSION = YES;
				CLANG_WARN_OBJC_ROOT_CLASS = YES_ERROR;
				CLANG_WARN_QUOTED_INCLUDE_IN_FRAMEWORK_HEADER = YES;
				CLANG_WARN_RANGE_LOOP_ANALYSIS = YES;
				CLANG_WARN_STRICT_PROTOTYPES = YES;
				CLANG_WARN_SUSPICIOUS_MOVE = YES;
				CLANG_WARN_UNGUARDED_AVAILABILITY = YES_AGGRESSIVE;
				CLANG_WARN_UNREACHABLE_CODE = YES;
				CLANG_WARN__DUPLICATE_METHOD_MATCH = YES;
				COPY_PHASE_STRIP = NO;
				DEBUG_INFORMATION_FORMAT = dwarf;
				ENABLE_STRICT_OBJC_MSGSEND = YES;
				ENABLE_TESTABILITY = YES;
				GCC_C_LANGUAGE_STANDARD = gnu11;
				GCC_DYNAMIC_NO_PIC = NO;
				GCC_NO_COMMON_BLOCKS = YES;
				GCC_OPTIMIZATION_LEVEL = 0;
				GCC_PREPROCESSOR_DEFINITIONS = (
					"DEBUG=1",
					"$(inherited)",
				);
				GCC_WARN_64_TO_32_BIT_CONVERSION = YES;
				GCC_WARN_ABOUT_RETURN_TYPE = YES_ERROR;
				GCC_WARN_UNDECLARED_SELECTOR = YES;
				GCC_WARN_UNINITIALIZED_AUTOS = YES_AGGRESSIVE;
				GCC_WARN_UNUSED_FUNCTION = YES;
				GCC_WARN_UNUSED_VARIABLE = YES;
				IPHONEOS_DEPLOYMENT_TARGET = 14.4;
				MTL_ENABLE_DEBUG_INFO = INCLUDE_SOURCE;
				MTL_FAST_MATH = YES;
				ONLY_ACTIVE_ARCH = YES;
				SDKROOT = iphoneos;
				SWIFT_ACTIVE_COMPILATION_CONDITIONS = DEBUG;
				SWIFT_OPTIMIZATION_LEVEL = "-Onone";
			};
			name = Debug;
		};
		FAF6E4FC25DD82980018D4C9 /* Release */ = {
			isa = XCBuildConfiguration;
			buildSettings = {
				ALWAYS_SEARCH_USER_PATHS = NO;
				CLANG_ANALYZER_NONNULL = YES;
				CLANG_ANALYZER_NUMBER_OBJECT_CONVERSION = YES_AGGRESSIVE;
				CLANG_CXX_LANGUAGE_STANDARD = "gnu++14";
				CLANG_CXX_LIBRARY = "libc++";
				CLANG_ENABLE_MODULES = YES;
				CLANG_ENABLE_OBJC_ARC = YES;
				CLANG_ENABLE_OBJC_WEAK = YES;
				CLANG_WARN_BLOCK_CAPTURE_AUTORELEASING = YES;
				CLANG_WARN_BOOL_CONVERSION = YES;
				CLANG_WARN_COMMA = YES;
				CLANG_WARN_CONSTANT_CONVERSION = YES;
				CLANG_WARN_DEPRECATED_OBJC_IMPLEMENTATIONS = YES;
				CLANG_WARN_DIRECT_OBJC_ISA_USAGE = YES_ERROR;
				CLANG_WARN_DOCUMENTATION_COMMENTS = YES;
				CLANG_WARN_EMPTY_BODY = YES;
				CLANG_WARN_ENUM_CONVERSION = YES;
				CLANG_WARN_INFINITE_RECURSION = YES;
				CLANG_WARN_INT_CONVERSION = YES;
				CLANG_WARN_NON_LITERAL_NULL_CONVERSION = YES;
				CLANG_WARN_OBJC_IMPLICIT_RETAIN_SELF = YES;
				CLANG_WARN_OBJC_LITERAL_CONVERSION = YES;
				CLANG_WARN_OBJC_ROOT_CLASS = YES_ERROR;
				CLANG_WARN_QUOTED_INCLUDE_IN_FRAMEWORK_HEADER = YES;
				CLANG_WARN_RANGE_LOOP_ANALYSIS = YES;
				CLANG_WARN_STRICT_PROTOTYPES = YES;
				CLANG_WARN_SUSPICIOUS_MOVE = YES;
				CLANG_WARN_UNGUARDED_AVAILABILITY = YES_AGGRESSIVE;
				CLANG_WARN_UNREACHABLE_CODE = YES;
				CLANG_WARN__DUPLICATE_METHOD_MATCH = YES;
				COPY_PHASE_STRIP = NO;
				DEBUG_INFORMATION_FORMAT = "dwarf-with-dsym";
				ENABLE_NS_ASSERTIONS = NO;
				ENABLE_STRICT_OBJC_MSGSEND = YES;
				GCC_C_LANGUAGE_STANDARD = gnu11;
				GCC_NO_COMMON_BLOCKS = YES;
				GCC_WARN_64_TO_32_BIT_CONVERSION = YES;
				GCC_WARN_ABOUT_RETURN_TYPE = YES_ERROR;
				GCC_WARN_UNDECLARED_SELECTOR = YES;
				GCC_WARN_UNINITIALIZED_AUTOS = YES_AGGRESSIVE;
				GCC_WARN_UNUSED_FUNCTION = YES;
				GCC_WARN_UNUSED_VARIABLE = YES;
				IPHONEOS_DEPLOYMENT_TARGET = 14.4;
				MTL_ENABLE_DEBUG_INFO = NO;
				MTL_FAST_MATH = YES;
				SDKROOT = iphoneos;
				SWIFT_COMPILATION_MODE = wholemodule;
				SWIFT_OPTIMIZATION_LEVEL = "-O";
				VALIDATE_PRODUCT = YES;
			};
			name = Release;
		};
		FAF6E4FE25DD82980018D4C9 /* Debug */ = {
			isa = XCBuildConfiguration;
			baseConfigurationReference = AD27EF6895F23323E11F3DB7 /* Pods-TinderClone.debug.xcconfig */;
			buildSettings = {
				ASSETCATALOG_COMPILER_APPICON_NAME = AppIcon;
				ASSETCATALOG_COMPILER_GLOBAL_ACCENT_COLOR_NAME = AccentColor;
				CODE_SIGN_STYLE = Automatic;
				DEVELOPMENT_ASSET_PATHS = "\"TinderClone/Preview Content\"";
				DEVELOPMENT_TEAM = 5698XH2G2V;
				ENABLE_PREVIEWS = YES;
				INFOPLIST_FILE = TinderClone/Info.plist;
				IPHONEOS_DEPLOYMENT_TARGET = 14.0;
				LD_RUNPATH_SEARCH_PATHS = (
					"$(inherited)",
					"@executable_path/Frameworks",
				);
				PRODUCT_BUNDLE_IDENTIFIER = com.raviranjan.TinderClone;
				PRODUCT_NAME = "$(TARGET_NAME)";
				SWIFT_VERSION = 5.0;
				TARGETED_DEVICE_FAMILY = "1,2";
			};
			name = Debug;
		};
		FAF6E4FF25DD82980018D4C9 /* Release */ = {
			isa = XCBuildConfiguration;
			baseConfigurationReference = A7E6245DCE4024CBAF225F0F /* Pods-TinderClone.release.xcconfig */;
			buildSettings = {
				ASSETCATALOG_COMPILER_APPICON_NAME = AppIcon;
				ASSETCATALOG_COMPILER_GLOBAL_ACCENT_COLOR_NAME = AccentColor;
				CODE_SIGN_STYLE = Automatic;
				DEVELOPMENT_ASSET_PATHS = "\"TinderClone/Preview Content\"";
				DEVELOPMENT_TEAM = 5698XH2G2V;
				ENABLE_PREVIEWS = YES;
				INFOPLIST_FILE = TinderClone/Info.plist;
				IPHONEOS_DEPLOYMENT_TARGET = 14.0;
				LD_RUNPATH_SEARCH_PATHS = (
					"$(inherited)",
					"@executable_path/Frameworks",
				);
				PRODUCT_BUNDLE_IDENTIFIER = com.raviranjan.TinderClone;
				PRODUCT_NAME = "$(TARGET_NAME)";
				SWIFT_VERSION = 5.0;
				TARGETED_DEVICE_FAMILY = "1,2";
			};
			name = Release;
		};
/* End XCBuildConfiguration section */

/* Begin XCConfigurationList section */
		FAF6E4E925DD82960018D4C9 /* Build configuration list for PBXProject "TinderClone" */ = {
			isa = XCConfigurationList;
			buildConfigurations = (
				FAF6E4FB25DD82980018D4C9 /* Debug */,
				FAF6E4FC25DD82980018D4C9 /* Release */,
			);
			defaultConfigurationIsVisible = 0;
			defaultConfigurationName = Release;
		};
		FAF6E4FD25DD82980018D4C9 /* Build configuration list for PBXNativeTarget "TinderClone" */ = {
			isa = XCConfigurationList;
			buildConfigurations = (
				FAF6E4FE25DD82980018D4C9 /* Debug */,
				FAF6E4FF25DD82980018D4C9 /* Release */,
			);
			defaultConfigurationIsVisible = 0;
			defaultConfigurationName = Release;
		};
/* End XCConfigurationList section */

/* Begin XCRemoteSwiftPackageReference section */
		FAF6E52225DD90AC0018D4C9 /* XCRemoteSwiftPackageReference "SDWebImageSwiftUI" */ = {
			isa = XCRemoteSwiftPackageReference;
			repositoryURL = "https://github.com/SDWebImage/SDWebImageSwiftUI";
			requirement = {
				kind = upToNextMajorVersion;
				minimumVersion = 1.5.0;
			};
		};
/* End XCRemoteSwiftPackageReference section */

/* Begin XCSwiftPackageProductDependency section */
		FAF6E52325DD90AC0018D4C9 /* SDWebImageSwiftUI */ = {
			isa = XCSwiftPackageProductDependency;
			package = FAF6E52225DD90AC0018D4C9 /* XCRemoteSwiftPackageReference "SDWebImageSwiftUI" */;
			productName = SDWebImageSwiftUI;
		};
/* End XCSwiftPackageProductDependency section */
	};
	rootObject = FAF6E4E625DD82960018D4C9 /* Project object */;
}
